
Microsoft Visual Studio Solution File, Format Version 12.00
# Visual Studio 15
VisualStudioVersion = 15.0.28307.421
MinimumVisualStudioVersion = 10.0.40219.1
Project("{9A19103F-16F7-4668-BE54-9A1E7A4F7556}") = "AgrotutorAPI.web", "AgrotutorAPI.web\AgrotutorAPI.web.csproj", "{7B7F444A-2304-4982-841F-699A4E020C76}"
EndProject
Project("{9A19103F-16F7-4668-BE54-9A1E7A4F7556}") = "AgrotutorAPI.Data", "AgrotutorAPI.Data\AgrotutorAPI.Data.csproj", "{6B520131-35D8-4895-8B51-7275AB0FA9F9}"
EndProject
Project("{9A19103F-16F7-4668-BE54-9A1E7A4F7556}") = "AgrotutorAPI.Domain", "AgrotutorAPI.Domain\AgrotutorAPI.Domain.csproj", "{989F8F26-A28A-49E1-8711-70496F6F42A4}"
EndProject
Global
	GlobalSection(SolutionConfigurationPlatforms) = preSolution
		Debug|Any CPU = Debug|Any CPU
		Release|Any CPU = Release|Any CPU
	EndGlobalSection
	GlobalSection(ProjectConfigurationPlatforms) = postSolution
		{7B7F444A-2304-4982-841F-699A4E020C76}.Debug|Any CPU.ActiveCfg = Debug|Any CPU
		{7B7F444A-2304-4982-841F-699A4E020C76}.Debug|Any CPU.Build.0 = Debug|Any CPU
		{7B7F444A-2304-4982-841F-699A4E020C76}.Release|Any CPU.ActiveCfg = Release|Any CPU
		{7B7F444A-2304-4982-841F-699A4E020C76}.Release|Any CPU.Build.0 = Release|Any CPU
		{6B520131-35D8-4895-8B51-7275AB0FA9F9}.Debug|Any CPU.ActiveCfg = Debug|Any CPU
		{6B520131-35D8-4895-8B51-7275AB0FA9F9}.Debug|Any CPU.Build.0 = Debug|Any CPU
		{6B520131-35D8-4895-8B51-7275AB0FA9F9}.Release|Any CPU.ActiveCfg = Release|Any CPU
		{6B520131-35D8-4895-8B51-7275AB0FA9F9}.Release|Any CPU.Build.0 = Release|Any CPU
		{989F8F26-A28A-49E1-8711-70496F6F42A4}.Debug|Any CPU.ActiveCfg = Debug|Any CPU
		{989F8F26-A28A-49E1-8711-70496F6F42A4}.Debug|Any CPU.Build.0 = Debug|Any CPU
		{989F8F26-A28A-49E1-8711-70496F6F42A4}.Release|Any CPU.ActiveCfg = Release|Any CPU
		{989F8F26-A28A-49E1-8711-70496F6F42A4}.Release|Any CPU.Build.0 = Release|Any CPU
	EndGlobalSection
	GlobalSection(SolutionProperties) = preSolution
		HideSolutionNode = FALSE
	EndGlobalSection
	GlobalSection(ExtensibilityGlobals) = postSolution
		SolutionGuid = {D6159196-A3BD-43F5-AD77-265A12657134}
	EndGlobalSection
EndGlobal
